
Microsoft Visual Studio Solution File, Format Version 12.00
# Visual Studio Version 17
VisualStudioVersion = 17.13.35931.197 d17.13
MinimumVisualStudioVersion = 10.0.40219.1
Project("{FAE04EC0-301F-11D3-BF4B-00C04F79EFBC}") = "CourseWorkRealease", "CourseWorkRealease.csproj", "{9E07EF63-0EFA-45F4-A455-2BD5E7CDA22D}"
EndProject
Global
	GlobalSection(SolutionConfigurationPlatforms) = preSolution
		Debug|Any CPU = Debug|Any CPU
		Release|Any CPU = Release|Any CPU
	EndGlobalSection
	GlobalSection(ProjectConfigurationPlatforms) = postSolution
		{9E07EF63-0EFA-45F4-A455-2BD5E7CDA22D}.Debug|Any CPU.ActiveCfg = Debug|Any CPU
		{9E07EF63-0EFA-45F4-A455-2BD5E7CDA22D}.Debug|Any CPU.Build.0 = Debug|Any CPU
		{9E07EF63-0EFA-45F4-A455-2BD5E7CDA22D}.Release|Any CPU.ActiveCfg = Release|Any CPU
		{9E07EF63-0EFA-45F4-A455-2BD5E7CDA22D}.Release|Any CPU.Build.0 = Release|Any CPU
	EndGlobalSection
	GlobalSection(SolutionProperties) = preSolution
		HideSolutionNode = FALSE
	EndGlobalSection
	GlobalSection(ExtensibilityGlobals) = postSolution
		SolutionGuid = {C8D4ABE6-7947-4465-9FA9-0AD2FA0EB9AC}
	EndGlobalSection
EndGlobal
